// !$*UTF8*$!
{
	archiveVersion = 1;
	classes = {
	};
	objectVersion = 46;
	objects = {

/* Begin PBXBuildFile section */
		CA0C11751A70E05A0010440D /* main.m in Sources */ = {isa = PBXBuildFile; fileRef = CA0C11741A70E05A0010440D /* main.m */; };
		CA0C11781A70E05A0010440D /* PCAppDelegate.m in Sources */ = {isa = PBXBuildFile; fileRef = CA0C11771A70E05A0010440D /* PCAppDelegate.m */; };
		CA0C118F1A70E05A0010440D /* PacteraTestTests.m in Sources */ = {isa = PBXBuildFile; fileRef = CA0C118E1A70E05A0010440D /* PacteraTestTests.m */; };
		CA0C119A1A70E0E70010440D /* PCWelcomeViewController.m in Sources */ = {isa = PBXBuildFile; fileRef = CA0C11991A70E0E70010440D /* PCWelcomeViewController.m */; };
		CA0C119C1A70E1960010440D /* Default-568h@2x.png in Resources */ = {isa = PBXBuildFile; fileRef = CA0C119B1A70E1960010440D /* Default-568h@2x.png */; };
		CA0C11A11A70E22E0010440D /* images.xcassets in Resources */ = {isa = PBXBuildFile; fileRef = CA0C11A01A70E22E0010440D /* images.xcassets */; };
		CA0C12B01A70E7BC0010440D /* AFHTTPRequestOperation.m in Sources */ = {isa = PBXBuildFile; fileRef = CA0C129E1A70E7BC0010440D /* AFHTTPRequestOperation.m */; };
		CA0C12B11A70E7BC0010440D /* AFHTTPRequestOperationManager.m in Sources */ = {isa = PBXBuildFile; fileRef = CA0C12A01A70E7BC0010440D /* AFHTTPRequestOperationManager.m */; };
		CA0C12B21A70E7BC0010440D /* AFHTTPSessionManager.m in Sources */ = {isa = PBXBuildFile; fileRef = CA0C12A21A70E7BC0010440D /* AFHTTPSessionManager.m */; };
		CA0C12B31A70E7BC0010440D /* AFNetworkReachabilityManager.m in Sources */ = {isa = PBXBuildFile; fileRef = CA0C12A51A70E7BC0010440D /* AFNetworkReachabilityManager.m */; };
		CA0C12B41A70E7BC0010440D /* AFSecurityPolicy.m in Sources */ = {isa = PBXBuildFile; fileRef = CA0C12A71A70E7BC0010440D /* AFSecurityPolicy.m */; };
		CA0C12B51A70E7BC0010440D /* AFURLConnectionOperation.m in Sources */ = {isa = PBXBuildFile; fileRef = CA0C12A91A70E7BC0010440D /* AFURLConnectionOperation.m */; };
		CA0C12B61A70E7BC0010440D /* AFURLRequestSerialization.m in Sources */ = {isa = PBXBuildFile; fileRef = CA0C12AB1A70E7BC0010440D /* AFURLRequestSerialization.m */; };
		CA0C12B71A70E7BC0010440D /* AFURLResponseSerialization.m in Sources */ = {isa = PBXBuildFile; fileRef = CA0C12AD1A70E7BC0010440D /* AFURLResponseSerialization.m */; };
		CA0C12B81A70E7BC0010440D /* AFURLSessionManager.m in Sources */ = {isa = PBXBuildFile; fileRef = CA0C12AF1A70E7BC0010440D /* AFURLSessionManager.m */; };
		CA0C12CB1A70E7D40010440D /* AFNetworkActivityIndicatorManager.m in Sources */ = {isa = PBXBuildFile; fileRef = CA0C12BB1A70E7D40010440D /* AFNetworkActivityIndicatorManager.m */; };
		CA0C12CC1A70E7D40010440D /* UIActivityIndicatorView+AFNetworking.m in Sources */ = {isa = PBXBuildFile; fileRef = CA0C12BD1A70E7D40010440D /* UIActivityIndicatorView+AFNetworking.m */; };
		CA0C12CD1A70E7D40010440D /* UIAlertView+AFNetworking.m in Sources */ = {isa = PBXBuildFile; fileRef = CA0C12BF1A70E7D40010440D /* UIAlertView+AFNetworking.m */; };
		CA0C12CE1A70E7D40010440D /* UIButton+AFNetworking.m in Sources */ = {isa = PBXBuildFile; fileRef = CA0C12C11A70E7D40010440D /* UIButton+AFNetworking.m */; };
		CA0C12CF1A70E7D40010440D /* UIImageView+AFNetworking.m in Sources */ = {isa = PBXBuildFile; fileRef = CA0C12C31A70E7D40010440D /* UIImageView+AFNetworking.m */; };
		CA0C12D01A70E7D40010440D /* UIProgressView+AFNetworking.m in Sources */ = {isa = PBXBuildFile; fileRef = CA0C12C61A70E7D40010440D /* UIProgressView+AFNetworking.m */; };
		CA0C12D11A70E7D40010440D /* UIRefreshControl+AFNetworking.m in Sources */ = {isa = PBXBuildFile; fileRef = CA0C12C81A70E7D40010440D /* UIRefreshControl+AFNetworking.m */; };
		CA0C12D21A70E7D40010440D /* UIWebView+AFNetworking.m in Sources */ = {isa = PBXBuildFile; fileRef = CA0C12CA1A70E7D40010440D /* UIWebView+AFNetworking.m */; };
		CA0C12DD1A70E7E50010440D /* ALView+PureLayout.m in Sources */ = {isa = PBXBuildFile; fileRef = CA0C12D51A70E7E50010440D /* ALView+PureLayout.m */; };
		CA0C12DE1A70E7E50010440D /* NSArray+PureLayout.m in Sources */ = {isa = PBXBuildFile; fileRef = CA0C12D71A70E7E50010440D /* NSArray+PureLayout.m */; };
		CA0C12DF1A70E7E50010440D /* NSLayoutConstraint+PureLayout.m in Sources */ = {isa = PBXBuildFile; fileRef = CA0C12D91A70E7E50010440D /* NSLayoutConstraint+PureLayout.m */; };
		CA0C12E61A70EA300010440D /* PCCommonUtils.m in Sources */ = {isa = PBXBuildFile; fileRef = CA0C12E51A70EA300010440D /* PCCommonUtils.m */; };
		CA0C12EB1A70EE3C0010440D /* PCMainViewController.m in Sources */ = {isa = PBXBuildFile; fileRef = CA0C12EA1A70EE3C0010440D /* PCMainViewController.m */; };
		CA0C12EE1A7108680010440D /* PCCountryFact.m in Sources */ = {isa = PBXBuildFile; fileRef = CA0C12ED1A7108680010440D /* PCCountryFact.m */; };
		CA0C12F11A71092A0010440D /* PCDataDownloader.m in Sources */ = {isa = PBXBuildFile; fileRef = CA0C12F01A71092A0010440D /* PCDataDownloader.m */; };
		CA0C12F41A71111E0010440D /* PCCountryFactCell.m in Sources */ = {isa = PBXBuildFile; fileRef = CA0C12F31A71111E0010440D /* PCCountryFactCell.m */; };
		CA0C12F61A71131C0010440D /* Localizable.strings in Resources */ = {isa = PBXBuildFile; fileRef = CA0C12F51A71131C0010440D /* Localizable.strings */; };
/* End PBXBuildFile section */

/* Begin PBXContainerItemProxy section */
		CA0C11891A70E05A0010440D /* PBXContainerItemProxy */ = {
			isa = PBXContainerItemProxy;
			containerPortal = CA0C11671A70E05A0010440D /* Project object */;
			proxyType = 1;
			remoteGlobalIDString = CA0C116E1A70E05A0010440D;
			remoteInfo = PacteraTest;
		};
/* End PBXContainerItemProxy section */

/* Begin PBXFileReference section */
		CA0C116F1A70E05A0010440D /* PacteraTest.app */ = {isa = PBXFileReference; explicitFileType = wrapper.application; includeInIndex = 0; path = PacteraTest.app; sourceTree = BUILT_PRODUCTS_DIR; };
		CA0C11731A70E05A0010440D /* Info.plist */ = {isa = PBXFileReference; lastKnownFileType = text.plist.xml; path = Info.plist; sourceTree = "<group>"; };
		CA0C11741A70E05A0010440D /* main.m */ = {isa = PBXFileReference; lastKnownFileType = sourcecode.c.objc; path = main.m; sourceTree = "<group>"; };
		CA0C11761A70E05A0010440D /* PCAppDelegate.h */ = {isa = PBXFileReference; lastKnownFileType = sourcecode.c.h; path = PCAppDelegate.h; sourceTree = "<group>"; };
		CA0C11771A70E05A0010440D /* PCAppDelegate.m */ = {isa = PBXFileReference; lastKnownFileType = sourcecode.c.objc; path = PCAppDelegate.m; sourceTree = "<group>"; };
		CA0C11881A70E05A0010440D /* PacteraTestTests.xctest */ = {isa = PBXFileReference; explicitFileType = wrapper.cfbundle; includeInIndex = 0; path = PacteraTestTests.xctest; sourceTree = BUILT_PRODUCTS_DIR; };
		CA0C118D1A70E05A0010440D /* Info.plist */ = {isa = PBXFileReference; lastKnownFileType = text.plist.xml; path = Info.plist; sourceTree = "<group>"; };
		CA0C118E1A70E05A0010440D /* PacteraTestTests.m */ = {isa = PBXFileReference; lastKnownFileType = sourcecode.c.objc; path = PacteraTestTests.m; sourceTree = "<group>"; };
		CA0C11981A70E0E70010440D /* PCWelcomeViewController.h */ = {isa = PBXFileReference; fileEncoding = 4; lastKnownFileType = sourcecode.c.h; path = PCWelcomeViewController.h; sourceTree = "<group>"; };
		CA0C11991A70E0E70010440D /* PCWelcomeViewController.m */ = {isa = PBXFileReference; fileEncoding = 4; lastKnownFileType = sourcecode.c.objc; path = PCWelcomeViewController.m; sourceTree = "<group>"; };
		CA0C119B1A70E1960010440D /* Default-568h@2x.png */ = {isa = PBXFileReference; lastKnownFileType = image.png; name = "Default-568h@2x.png"; path = "../Default-568h@2x.png"; sourceTree = "<group>"; };
		CA0C11A01A70E22E0010440D /* images.xcassets */ = {isa = PBXFileReference; lastKnownFileType = folder.assetcatalog; path = images.xcassets; sourceTree = "<group>"; };
		CA0C129D1A70E7BC0010440D /* AFHTTPRequestOperation.h */ = {isa = PBXFileReference; fileEncoding = 4; lastKnownFileType = sourcecode.c.h; path = AFHTTPRequestOperation.h; sourceTree = "<group>"; };
		CA0C129E1A70E7BC0010440D /* AFHTTPRequestOperation.m */ = {isa = PBXFileReference; fileEncoding = 4; lastKnownFileType = sourcecode.c.objc; path = AFHTTPRequestOperation.m; sourceTree = "<group>"; };
		CA0C129F1A70E7BC0010440D /* AFHTTPRequestOperationManager.h */ = {isa = PBXFileReference; fileEncoding = 4; lastKnownFileType = sourcecode.c.h; path = AFHTTPRequestOperationManager.h; sourceTree = "<group>"; };
		CA0C12A01A70E7BC0010440D /* AFHTTPRequestOperationManager.m */ = {isa = PBXFileReference; fileEncoding = 4; lastKnownFileType = sourcecode.c.objc; path = AFHTTPRequestOperationManager.m; sourceTree = "<group>"; };
		CA0C12A11A70E7BC0010440D /* AFHTTPSessionManager.h */ = {isa = PBXFileReference; fileEncoding = 4; lastKnownFileType = sourcecode.c.h; path = AFHTTPSessionManager.h; sourceTree = "<group>"; };
		CA0C12A21A70E7BC0010440D /* AFHTTPSessionManager.m */ = {isa = PBXFileReference; fileEncoding = 4; lastKnownFileType = sourcecode.c.objc; path = AFHTTPSessionManager.m; sourceTree = "<group>"; };
		CA0C12A31A70E7BC0010440D /* AFNetworking.h */ = {isa = PBXFileReference; fileEncoding = 4; lastKnownFileType = sourcecode.c.h; path = AFNetworking.h; sourceTree = "<group>"; };
		CA0C12A41A70E7BC0010440D /* AFNetworkReachabilityManager.h */ = {isa = PBXFileReference; fileEncoding = 4; lastKnownFileType = sourcecode.c.h; path = AFNetworkReachabilityManager.h; sourceTree = "<group>"; };
		CA0C12A51A70E7BC0010440D /* AFNetworkReachabilityManager.m */ = {isa = PBXFileReference; fileEncoding = 4; lastKnownFileType = sourcecode.c.objc; path = AFNetworkReachabilityManager.m; sourceTree = "<group>"; };
		CA0C12A61A70E7BC0010440D /* AFSecurityPolicy.h */ = {isa = PBXFileReference; fileEncoding = 4; lastKnownFileType = sourcecode.c.h; path = AFSecurityPolicy.h; sourceTree = "<group>"; };
		CA0C12A71A70E7BC0010440D /* AFSecurityPolicy.m */ = {isa = PBXFileReference; fileEncoding = 4; lastKnownFileType = sourcecode.c.objc; path = AFSecurityPolicy.m; sourceTree = "<group>"; };
		CA0C12A81A70E7BC0010440D /* AFURLConnectionOperation.h */ = {isa = PBXFileReference; fileEncoding = 4; lastKnownFileType = sourcecode.c.h; path = AFURLConnectionOperation.h; sourceTree = "<group>"; };
		CA0C12A91A70E7BC0010440D /* AFURLConnectionOperation.m */ = {isa = PBXFileReference; fileEncoding = 4; lastKnownFileType = sourcecode.c.objc; path = AFURLConnectionOperation.m; sourceTree = "<group>"; };
		CA0C12AA1A70E7BC0010440D /* AFURLRequestSerialization.h */ = {isa = PBXFileReference; fileEncoding = 4; lastKnownFileType = sourcecode.c.h; path = AFURLRequestSerialization.h; sourceTree = "<group>"; };
		CA0C12AB1A70E7BC0010440D /* AFURLRequestSerialization.m */ = {isa = PBXFileReference; fileEncoding = 4; lastKnownFileType = sourcecode.c.objc; path = AFURLRequestSerialization.m; sourceTree = "<group>"; };
		CA0C12AC1A70E7BC0010440D /* AFURLResponseSerialization.h */ = {isa = PBXFileReference; fileEncoding = 4; lastKnownFileType = sourcecode.c.h; path = AFURLResponseSerialization.h; sourceTree = "<group>"; };
		CA0C12AD1A70E7BC0010440D /* AFURLResponseSerialization.m */ = {isa = PBXFileReference; fileEncoding = 4; lastKnownFileType = sourcecode.c.objc; path = AFURLResponseSerialization.m; sourceTree = "<group>"; };
		CA0C12AE1A70E7BC0010440D /* AFURLSessionManager.h */ = {isa = PBXFileReference; fileEncoding = 4; lastKnownFileType = sourcecode.c.h; path = AFURLSessionManager.h; sourceTree = "<group>"; };
		CA0C12AF1A70E7BC0010440D /* AFURLSessionManager.m */ = {isa = PBXFileReference; fileEncoding = 4; lastKnownFileType = sourcecode.c.objc; path = AFURLSessionManager.m; sourceTree = "<group>"; };
		CA0C12BA1A70E7D40010440D /* AFNetworkActivityIndicatorManager.h */ = {isa = PBXFileReference; fileEncoding = 4; lastKnownFileType = sourcecode.c.h; path = AFNetworkActivityIndicatorManager.h; sourceTree = "<group>"; };
		CA0C12BB1A70E7D40010440D /* AFNetworkActivityIndicatorManager.m */ = {isa = PBXFileReference; fileEncoding = 4; lastKnownFileType = sourcecode.c.objc; path = AFNetworkActivityIndicatorManager.m; sourceTree = "<group>"; };
		CA0C12BC1A70E7D40010440D /* UIActivityIndicatorView+AFNetworking.h */ = {isa = PBXFileReference; fileEncoding = 4; lastKnownFileType = sourcecode.c.h; path = "UIActivityIndicatorView+AFNetworking.h"; sourceTree = "<group>"; };
		CA0C12BD1A70E7D40010440D /* UIActivityIndicatorView+AFNetworking.m */ = {isa = PBXFileReference; fileEncoding = 4; lastKnownFileType = sourcecode.c.objc; path = "UIActivityIndicatorView+AFNetworking.m"; sourceTree = "<group>"; };
		CA0C12BE1A70E7D40010440D /* UIAlertView+AFNetworking.h */ = {isa = PBXFileReference; fileEncoding = 4; lastKnownFileType = sourcecode.c.h; path = "UIAlertView+AFNetworking.h"; sourceTree = "<group>"; };
		CA0C12BF1A70E7D40010440D /* UIAlertView+AFNetworking.m */ = {isa = PBXFileReference; fileEncoding = 4; lastKnownFileType = sourcecode.c.objc; path = "UIAlertView+AFNetworking.m"; sourceTree = "<group>"; };
		CA0C12C01A70E7D40010440D /* UIButton+AFNetworking.h */ = {isa = PBXFileReference; fileEncoding = 4; lastKnownFileType = sourcecode.c.h; path = "UIButton+AFNetworking.h"; sourceTree = "<group>"; };
		CA0C12C11A70E7D40010440D /* UIButton+AFNetworking.m */ = {isa = PBXFileReference; fileEncoding = 4; lastKnownFileType = sourcecode.c.objc; path = "UIButton+AFNetworking.m"; sourceTree = "<group>"; };
		CA0C12C21A70E7D40010440D /* UIImageView+AFNetworking.h */ = {isa = PBXFileReference; fileEncoding = 4; lastKnownFileType = sourcecode.c.h; path = "UIImageView+AFNetworking.h"; sourceTree = "<group>"; };
		CA0C12C31A70E7D40010440D /* UIImageView+AFNetworking.m */ = {isa = PBXFileReference; fileEncoding = 4; lastKnownFileType = sourcecode.c.objc; path = "UIImageView+AFNetworking.m"; sourceTree = "<group>"; };
		CA0C12C41A70E7D40010440D /* UIKit+AFNetworking.h */ = {isa = PBXFileReference; fileEncoding = 4; lastKnownFileType = sourcecode.c.h; path = "UIKit+AFNetworking.h"; sourceTree = "<group>"; };
		CA0C12C51A70E7D40010440D /* UIProgressView+AFNetworking.h */ = {isa = PBXFileReference; fileEncoding = 4; lastKnownFileType = sourcecode.c.h; path = "UIProgressView+AFNetworking.h"; sourceTree = "<group>"; };
		CA0C12C61A70E7D40010440D /* UIProgressView+AFNetworking.m */ = {isa = PBXFileReference; fileEncoding = 4; lastKnownFileType = sourcecode.c.objc; path = "UIProgressView+AFNetworking.m"; sourceTree = "<group>"; };
		CA0C12C71A70E7D40010440D /* UIRefreshControl+AFNetworking.h */ = {isa = PBXFileReference; fileEncoding = 4; lastKnownFileType = sourcecode.c.h; path = "UIRefreshControl+AFNetworking.h"; sourceTree = "<group>"; };
		CA0C12C81A70E7D40010440D /* UIRefreshControl+AFNetworking.m */ = {isa = PBXFileReference; fileEncoding = 4; lastKnownFileType = sourcecode.c.objc; path = "UIRefreshControl+AFNetworking.m"; sourceTree = "<group>"; };
		CA0C12C91A70E7D40010440D /* UIWebView+AFNetworking.h */ = {isa = PBXFileReference; fileEncoding = 4; lastKnownFileType = sourcecode.c.h; path = "UIWebView+AFNetworking.h"; sourceTree = "<group>"; };
		CA0C12CA1A70E7D40010440D /* UIWebView+AFNetworking.m */ = {isa = PBXFileReference; fileEncoding = 4; lastKnownFileType = sourcecode.c.objc; path = "UIWebView+AFNetworking.m"; sourceTree = "<group>"; };
		CA0C12D41A70E7E50010440D /* ALView+PureLayout.h */ = {isa = PBXFileReference; fileEncoding = 4; lastKnownFileType = sourcecode.c.h; path = "ALView+PureLayout.h"; sourceTree = "<group>"; };
		CA0C12D51A70E7E50010440D /* ALView+PureLayout.m */ = {isa = PBXFileReference; fileEncoding = 4; lastKnownFileType = sourcecode.c.objc; path = "ALView+PureLayout.m"; sourceTree = "<group>"; };
		CA0C12D61A70E7E50010440D /* NSArray+PureLayout.h */ = {isa = PBXFileReference; fileEncoding = 4; lastKnownFileType = sourcecode.c.h; path = "NSArray+PureLayout.h"; sourceTree = "<group>"; };
		CA0C12D71A70E7E50010440D /* NSArray+PureLayout.m */ = {isa = PBXFileReference; fileEncoding = 4; lastKnownFileType = sourcecode.c.objc; path = "NSArray+PureLayout.m"; sourceTree = "<group>"; };
		CA0C12D81A70E7E50010440D /* NSLayoutConstraint+PureLayout.h */ = {isa = PBXFileReference; fileEncoding = 4; lastKnownFileType = sourcecode.c.h; path = "NSLayoutConstraint+PureLayout.h"; sourceTree = "<group>"; };
		CA0C12D91A70E7E50010440D /* NSLayoutConstraint+PureLayout.m */ = {isa = PBXFileReference; fileEncoding = 4; lastKnownFileType = sourcecode.c.objc; path = "NSLayoutConstraint+PureLayout.m"; sourceTree = "<group>"; };
		CA0C12DA1A70E7E50010440D /* PureLayout+Internal.h */ = {isa = PBXFileReference; fileEncoding = 4; lastKnownFileType = sourcecode.c.h; path = "PureLayout+Internal.h"; sourceTree = "<group>"; };
		CA0C12DB1A70E7E50010440D /* PureLayout.h */ = {isa = PBXFileReference; fileEncoding = 4; lastKnownFileType = sourcecode.c.h; path = PureLayout.h; sourceTree = "<group>"; };
		CA0C12DC1A70E7E50010440D /* PureLayoutDefines.h */ = {isa = PBXFileReference; fileEncoding = 4; lastKnownFileType = sourcecode.c.h; path = PureLayoutDefines.h; sourceTree = "<group>"; };
		CA0C12E41A70EA300010440D /* PCCommonUtils.h */ = {isa = PBXFileReference; fileEncoding = 4; lastKnownFileType = sourcecode.c.h; path = PCCommonUtils.h; sourceTree = "<group>"; };
		CA0C12E51A70EA300010440D /* PCCommonUtils.m */ = {isa = PBXFileReference; fileEncoding = 4; lastKnownFileType = sourcecode.c.objc; path = PCCommonUtils.m; sourceTree = "<group>"; };
		CA0C12E71A70EA8D0010440D /* PCConstants.h */ = {isa = PBXFileReference; fileEncoding = 4; lastKnownFileType = sourcecode.c.h; path = PCConstants.h; sourceTree = "<group>"; };
		CA0C12E81A70EB540010440D /* PrefixHeader.pch */ = {isa = PBXFileReference; lastKnownFileType = sourcecode.c.h; path = PrefixHeader.pch; sourceTree = "<group>"; };
		CA0C12E91A70EE3C0010440D /* PCMainViewController.h */ = {isa = PBXFileReference; fileEncoding = 4; lastKnownFileType = sourcecode.c.h; path = PCMainViewController.h; sourceTree = "<group>"; };
		CA0C12EA1A70EE3C0010440D /* PCMainViewController.m */ = {isa = PBXFileReference; fileEncoding = 4; lastKnownFileType = sourcecode.c.objc; path = PCMainViewController.m; sourceTree = "<group>"; };
		CA0C12EC1A7108680010440D /* PCCountryFact.h */ = {isa = PBXFileReference; fileEncoding = 4; lastKnownFileType = sourcecode.c.h; path = PCCountryFact.h; sourceTree = "<group>"; };
		CA0C12ED1A7108680010440D /* PCCountryFact.m */ = {isa = PBXFileReference; fileEncoding = 4; lastKnownFileType = sourcecode.c.objc; path = PCCountryFact.m; sourceTree = "<group>"; };
		CA0C12EF1A71092A0010440D /* PCDataDownloader.h */ = {isa = PBXFileReference; fileEncoding = 4; lastKnownFileType = sourcecode.c.h; path = PCDataDownloader.h; sourceTree = "<group>"; };
		CA0C12F01A71092A0010440D /* PCDataDownloader.m */ = {isa = PBXFileReference; fileEncoding = 4; lastKnownFileType = sourcecode.c.objc; path = PCDataDownloader.m; sourceTree = "<group>"; };
		CA0C12F21A71111E0010440D /* PCCountryFactCell.h */ = {isa = PBXFileReference; fileEncoding = 4; lastKnownFileType = sourcecode.c.h; path = PCCountryFactCell.h; sourceTree = "<group>"; };
		CA0C12F31A71111E0010440D /* PCCountryFactCell.m */ = {isa = PBXFileReference; fileEncoding = 4; lastKnownFileType = sourcecode.c.objc; path = PCCountryFactCell.m; sourceTree = "<group>"; };
		CA0C12F51A71131C0010440D /* Localizable.strings */ = {isa = PBXFileReference; fileEncoding = 4; lastKnownFileType = text.plist.strings; path = Localizable.strings; sourceTree = "<group>"; };
/* End PBXFileReference section */

/* Begin PBXFrameworksBuildPhase section */
		CA0C116C1A70E05A0010440D /* Frameworks */ = {
			isa = PBXFrameworksBuildPhase;
			buildActionMask = 2147483647;
			files = (
			);
			runOnlyForDeploymentPostprocessing = 0;
		};
		CA0C11851A70E05A0010440D /* Frameworks */ = {
			isa = PBXFrameworksBuildPhase;
			buildActionMask = 2147483647;
			files = (
			);
			runOnlyForDeploymentPostprocessing = 0;
		};
/* End PBXFrameworksBuildPhase section */

/* Begin PBXGroup section */
		CA0C11661A70E05A0010440D = {
			isa = PBXGroup;
			children = (
				CA0C11A21A70E7030010440D /* Frameworks */,
				CA0C11711A70E05A0010440D /* PacteraTest */,
				CA0C118B1A70E05A0010440D /* PacteraTestTests */,
				CA0C11701A70E05A0010440D /* Products */,
			);
			sourceTree = "<group>";
		};
		CA0C11701A70E05A0010440D /* Products */ = {
			isa = PBXGroup;
			children = (
				CA0C116F1A70E05A0010440D /* PacteraTest.app */,
				CA0C11881A70E05A0010440D /* PacteraTestTests.xctest */,
			);
			name = Products;
			sourceTree = "<group>";
		};
		CA0C11711A70E05A0010440D /* PacteraTest */ = {
			isa = PBXGroup;
			children = (
				CA0C12E31A70E9F00010440D /* cells */,
				CA0C12E21A70E9E90010440D /* model */,
				CA0C12E11A70E9E10010440D /* http */,
				CA0C12E01A70E9D80010440D /* utilities */,
				CA0C119D1A70E1C60010440D /* controllers */,
				CA0C11761A70E05A0010440D /* PCAppDelegate.h */,
				CA0C11771A70E05A0010440D /* PCAppDelegate.m */,
				CA0C11721A70E05A0010440D /* Supporting Files */,
			);
			path = PacteraTest;
			sourceTree = "<group>";
		};
		CA0C11721A70E05A0010440D /* Supporting Files */ = {
			isa = PBXGroup;
			children = (
				CA0C119B1A70E1960010440D /* Default-568h@2x.png */,
				CA0C11731A70E05A0010440D /* Info.plist */,
				CA0C11741A70E05A0010440D /* main.m */,
				CA0C11A01A70E22E0010440D /* images.xcassets */,
				CA0C12E81A70EB540010440D /* PrefixHeader.pch */,
				CA0C12F51A71131C0010440D /* Localizable.strings */,
			);
			name = "Supporting Files";
			sourceTree = "<group>";
		};
		CA0C118B1A70E05A0010440D /* PacteraTestTests */ = {
			isa = PBXGroup;
			children = (
				CA0C118E1A70E05A0010440D /* PacteraTestTests.m */,
				CA0C118C1A70E05A0010440D /* Supporting Files */,
			);
			path = PacteraTestTests;
			sourceTree = "<group>";
		};
		CA0C118C1A70E05A0010440D /* Supporting Files */ = {
			isa = PBXGroup;
			children = (
				CA0C118D1A70E05A0010440D /* Info.plist */,
			);
			name = "Supporting Files";
			sourceTree = "<group>";
		};
		CA0C119D1A70E1C60010440D /* controllers */ = {
			isa = PBXGroup;
			children = (
				CA0C11981A70E0E70010440D /* PCWelcomeViewController.h */,
				CA0C11991A70E0E70010440D /* PCWelcomeViewController.m */,
				CA0C12E91A70EE3C0010440D /* PCMainViewController.h */,
				CA0C12EA1A70EE3C0010440D /* PCMainViewController.m */,
			);
			name = controllers;
			sourceTree = "<group>";
		};
		CA0C11A21A70E7030010440D /* Frameworks */ = {
			isa = PBXGroup;
			children = (
				CA0C129C1A70E7BC0010440D /* AFNetworking */,
				CA0C12D31A70E7E50010440D /* PureLayout */,
				CA0C12B91A70E7D40010440D /* UIKit+AFNetworking */,
			);
			name = Frameworks;
			sourceTree = "<group>";
		};
		CA0C129C1A70E7BC0010440D /* AFNetworking */ = {
			isa = PBXGroup;
			children = (
				CA0C129D1A70E7BC0010440D /* AFHTTPRequestOperation.h */,
				CA0C129E1A70E7BC0010440D /* AFHTTPRequestOperation.m */,
				CA0C129F1A70E7BC0010440D /* AFHTTPRequestOperationManager.h */,
				CA0C12A01A70E7BC0010440D /* AFHTTPRequestOperationManager.m */,
				CA0C12A11A70E7BC0010440D /* AFHTTPSessionManager.h */,
				CA0C12A21A70E7BC0010440D /* AFHTTPSessionManager.m */,
				CA0C12A31A70E7BC0010440D /* AFNetworking.h */,
				CA0C12A41A70E7BC0010440D /* AFNetworkReachabilityManager.h */,
				CA0C12A51A70E7BC0010440D /* AFNetworkReachabilityManager.m */,
				CA0C12A61A70E7BC0010440D /* AFSecurityPolicy.h */,
				CA0C12A71A70E7BC0010440D /* AFSecurityPolicy.m */,
				CA0C12A81A70E7BC0010440D /* AFURLConnectionOperation.h */,
				CA0C12A91A70E7BC0010440D /* AFURLConnectionOperation.m */,
				CA0C12AA1A70E7BC0010440D /* AFURLRequestSerialization.h */,
				CA0C12AB1A70E7BC0010440D /* AFURLRequestSerialization.m */,
				CA0C12AC1A70E7BC0010440D /* AFURLResponseSerialization.h */,
				CA0C12AD1A70E7BC0010440D /* AFURLResponseSerialization.m */,
				CA0C12AE1A70E7BC0010440D /* AFURLSessionManager.h */,
				CA0C12AF1A70E7BC0010440D /* AFURLSessionManager.m */,
			);
			path = AFNetworking;
			sourceTree = "<group>";
		};
		CA0C12B91A70E7D40010440D /* UIKit+AFNetworking */ = {
			isa = PBXGroup;
			children = (
				CA0C12BA1A70E7D40010440D /* AFNetworkActivityIndicatorManager.h */,
				CA0C12BB1A70E7D40010440D /* AFNetworkActivityIndicatorManager.m */,
				CA0C12BC1A70E7D40010440D /* UIActivityIndicatorView+AFNetworking.h */,
				CA0C12BD1A70E7D40010440D /* UIActivityIndicatorView+AFNetworking.m */,
				CA0C12BE1A70E7D40010440D /* UIAlertView+AFNetworking.h */,
				CA0C12BF1A70E7D40010440D /* UIAlertView+AFNetworking.m */,
				CA0C12C01A70E7D40010440D /* UIButton+AFNetworking.h */,
				CA0C12C11A70E7D40010440D /* UIButton+AFNetworking.m */,
				CA0C12C21A70E7D40010440D /* UIImageView+AFNetworking.h */,
				CA0C12C31A70E7D40010440D /* UIImageView+AFNetworking.m */,
				CA0C12C41A70E7D40010440D /* UIKit+AFNetworking.h */,
				CA0C12C51A70E7D40010440D /* UIProgressView+AFNetworking.h */,
				CA0C12C61A70E7D40010440D /* UIProgressView+AFNetworking.m */,
				CA0C12C71A70E7D40010440D /* UIRefreshControl+AFNetworking.h */,
				CA0C12C81A70E7D40010440D /* UIRefreshControl+AFNetworking.m */,
				CA0C12C91A70E7D40010440D /* UIWebView+AFNetworking.h */,
				CA0C12CA1A70E7D40010440D /* UIWebView+AFNetworking.m */,
			);
			path = "UIKit+AFNetworking";
			sourceTree = "<group>";
		};
		CA0C12D31A70E7E50010440D /* PureLayout */ = {
			isa = PBXGroup;
			children = (
				CA0C12D41A70E7E50010440D /* ALView+PureLayout.h */,
				CA0C12D51A70E7E50010440D /* ALView+PureLayout.m */,
				CA0C12D61A70E7E50010440D /* NSArray+PureLayout.h */,
				CA0C12D71A70E7E50010440D /* NSArray+PureLayout.m */,
				CA0C12D81A70E7E50010440D /* NSLayoutConstraint+PureLayout.h */,
				CA0C12D91A70E7E50010440D /* NSLayoutConstraint+PureLayout.m */,
				CA0C12DA1A70E7E50010440D /* PureLayout+Internal.h */,
				CA0C12DB1A70E7E50010440D /* PureLayout.h */,
				CA0C12DC1A70E7E50010440D /* PureLayoutDefines.h */,
			);
			path = PureLayout;
			sourceTree = "<group>";
		};
		CA0C12E01A70E9D80010440D /* utilities */ = {
			isa = PBXGroup;
			children = (
				CA0C12E41A70EA300010440D /* PCCommonUtils.h */,
				CA0C12E51A70EA300010440D /* PCCommonUtils.m */,
				CA0C12E71A70EA8D0010440D /* PCConstants.h */,
			);
			name = utilities;
			sourceTree = "<group>";
		};
		CA0C12E11A70E9E10010440D /* http */ = {
			isa = PBXGroup;
			children = (
				CA0C12EF1A71092A0010440D /* PCDataDownloader.h */,
				CA0C12F01A71092A0010440D /* PCDataDownloader.m */,
			);
			name = http;
			sourceTree = "<group>";
		};
		CA0C12E21A70E9E90010440D /* model */ = {
			isa = PBXGroup;
			children = (
				CA0C12EC1A7108680010440D /* PCCountryFact.h */,
				CA0C12ED1A7108680010440D /* PCCountryFact.m */,
			);
			name = model;
			sourceTree = "<group>";
		};
		CA0C12E31A70E9F00010440D /* cells */ = {
			isa = PBXGroup;
			children = (
				CA0C12F21A71111E0010440D /* PCCountryFactCell.h */,
				CA0C12F31A71111E0010440D /* PCCountryFactCell.m */,
			);
			name = cells;
			sourceTree = "<group>";
		};
/* End PBXGroup section */

/* Begin PBXNativeTarget section */
		CA0C116E1A70E05A0010440D /* PacteraTest */ = {
			isa = PBXNativeTarget;
			buildConfigurationList = CA0C11921A70E05A0010440D /* Build configuration list for PBXNativeTarget "PacteraTest" */;
			buildPhases = (
				CA0C116B1A70E05A0010440D /* Sources */,
				CA0C116C1A70E05A0010440D /* Frameworks */,
				CA0C116D1A70E05A0010440D /* Resources */,
			);
			buildRules = (
			);
			dependencies = (
			);
			name = PacteraTest;
			productName = PacteraTest;
			productReference = CA0C116F1A70E05A0010440D /* PacteraTest.app */;
			productType = "com.apple.product-type.application";
		};
		CA0C11871A70E05A0010440D /* PacteraTestTests */ = {
			isa = PBXNativeTarget;
			buildConfigurationList = CA0C11951A70E05A0010440D /* Build configuration list for PBXNativeTarget "PacteraTestTests" */;
			buildPhases = (
				CA0C11841A70E05A0010440D /* Sources */,
				CA0C11851A70E05A0010440D /* Frameworks */,
				CA0C11861A70E05A0010440D /* Resources */,
			);
			buildRules = (
			);
			dependencies = (
				CA0C118A1A70E05A0010440D /* PBXTargetDependency */,
			);
			name = PacteraTestTests;
			productName = PacteraTestTests;
			productReference = CA0C11881A70E05A0010440D /* PacteraTestTests.xctest */;
			productType = "com.apple.product-type.bundle.unit-test";
		};
/* End PBXNativeTarget section */

/* Begin PBXProject section */
		CA0C11671A70E05A0010440D /* Project object */ = {
			isa = PBXProject;
			attributes = {
				CLASSPREFIX = PC;
				LastUpgradeCheck = 0610;
				ORGANIZATIONNAME = Pectera;
				TargetAttributes = {
					CA0C116E1A70E05A0010440D = {
						CreatedOnToolsVersion = 6.1.1;
					};
					CA0C11871A70E05A0010440D = {
						CreatedOnToolsVersion = 6.1.1;
						TestTargetID = CA0C116E1A70E05A0010440D;
					};
				};
			};
			buildConfigurationList = CA0C116A1A70E05A0010440D /* Build configuration list for PBXProject "PacteraTest" */;
			compatibilityVersion = "Xcode 3.2";
			developmentRegion = English;
			hasScannedForEncodings = 0;
			knownRegions = (
				en,
				Base,
			);
			mainGroup = CA0C11661A70E05A0010440D;
			productRefGroup = CA0C11701A70E05A0010440D /* Products */;
			projectDirPath = "";
			projectRoot = "";
			targets = (
				CA0C116E1A70E05A0010440D /* PacteraTest */,
				CA0C11871A70E05A0010440D /* PacteraTestTests */,
			);
		};
/* End PBXProject section */

/* Begin PBXResourcesBuildPhase section */
		CA0C116D1A70E05A0010440D /* Resources */ = {
			isa = PBXResourcesBuildPhase;
			buildActionMask = 2147483647;
			files = (
				CA0C119C1A70E1960010440D /* Default-568h@2x.png in Resources */,
				CA0C12F61A71131C0010440D /* Localizable.strings in Resources */,
				CA0C11A11A70E22E0010440D /* images.xcassets in Resources */,
			);
			runOnlyForDeploymentPostprocessing = 0;
		};
		CA0C11861A70E05A0010440D /* Resources */ = {
			isa = PBXResourcesBuildPhase;
			buildActionMask = 2147483647;
			files = (
			);
			runOnlyForDeploymentPostprocessing = 0;
		};
/* End PBXResourcesBuildPhase section */

/* Begin PBXSourcesBuildPhase section */
		CA0C116B1A70E05A0010440D /* Sources */ = {
			isa = PBXSourcesBuildPhase;
			buildActionMask = 2147483647;
			files = (
				CA0C12B01A70E7BC0010440D /* AFHTTPRequestOperation.m in Sources */,
				CA0C12CF1A70E7D40010440D /* UIImageView+AFNetworking.m in Sources */,
				CA0C11781A70E05A0010440D /* PCAppDelegate.m in Sources */,
				CA0C12B11A70E7BC0010440D /* AFHTTPRequestOperationManager.m in Sources */,
				CA0C12EB1A70EE3C0010440D /* PCMainViewController.m in Sources */,
				CA0C12D01A70E7D40010440D /* UIProgressView+AFNetworking.m in Sources */,
				CA0C12B31A70E7BC0010440D /* AFNetworkReachabilityManager.m in Sources */,
				CA0C12DE1A70E7E50010440D /* NSArray+PureLayout.m in Sources */,
				CA0C12B71A70E7BC0010440D /* AFURLResponseSerialization.m in Sources */,
				CA0C12B51A70E7BC0010440D /* AFURLConnectionOperation.m in Sources */,
				CA0C12CE1A70E7D40010440D /* UIButton+AFNetworking.m in Sources */,
				CA0C12CC1A70E7D40010440D /* UIActivityIndicatorView+AFNetworking.m in Sources */,
				CA0C12DD1A70E7E50010440D /* ALView+PureLayout.m in Sources */,
				CA0C12B41A70E7BC0010440D /* AFSecurityPolicy.m in Sources */,
				CA0C12D11A70E7D40010440D /* UIRefreshControl+AFNetworking.m in Sources */,
				CA0C12EE1A7108680010440D /* PCCountryFact.m in Sources */,
				CA0C12D21A70E7D40010440D /* UIWebView+AFNetworking.m in Sources */,
				CA0C12E61A70EA300010440D /* PCCommonUtils.m in Sources */,
				CA0C12B21A70E7BC0010440D /* AFHTTPSessionManager.m in Sources */,
				CA0C12CD1A70E7D40010440D /* UIAlertView+AFNetworking.m in Sources */,
				CA0C12F11A71092A0010440D /* PCDataDownloader.m in Sources */,
				CA0C12B61A70E7BC0010440D /* AFURLRequestSerialization.m in Sources */,
				CA0C12DF1A70E7E50010440D /* NSLayoutConstraint+PureLayout.m in Sources */,
				CA0C12F41A71111E0010440D /* PCCountryFactCell.m in Sources */,
				CA0C12CB1A70E7D40010440D /* AFNetworkActivityIndicatorManager.m in Sources */,
				CA0C12B81A70E7BC0010440D /* AFURLSessionManager.m in Sources */,
				CA0C11751A70E05A0010440D /* main.m in Sources */,
				CA0C119A1A70E0E70010440D /* PCWelcomeViewController.m in Sources */,
			);
			runOnlyForDeploymentPostprocessing = 0;
		};
		CA0C11841A70E05A0010440D /* Sources */ = {
			isa = PBXSourcesBuildPhase;
			buildActionMask = 2147483647;
			files = (
				CA0C118F1A70E05A0010440D /* PacteraTestTests.m in Sources */,
			);
			runOnlyForDeploymentPostprocessing = 0;
		};
/* End PBXSourcesBuildPhase section */

/* Begin PBXTargetDependency section */
		CA0C118A1A70E05A0010440D /* PBXTargetDependency */ = {
			isa = PBXTargetDependency;
			target = CA0C116E1A70E05A0010440D /* PacteraTest */;
			targetProxy = CA0C11891A70E05A0010440D /* PBXContainerItemProxy */;
		};
/* End PBXTargetDependency section */

/* Begin XCBuildConfiguration section */
		CA0C11901A70E05A0010440D /* Debug */ = {
			isa = XCBuildConfiguration;
			buildSettings = {
				ALWAYS_SEARCH_USER_PATHS = NO;
				CLANG_CXX_LANGUAGE_STANDARD = "gnu++0x";
				CLANG_CXX_LIBRARY = "libc++";
				CLANG_ENABLE_MODULES = YES;
				CLANG_ENABLE_OBJC_ARC = YES;
				CLANG_WARN_BOOL_CONVERSION = YES;
				CLANG_WARN_CONSTANT_CONVERSION = YES;
				CLANG_WARN_DIRECT_OBJC_ISA_USAGE = YES_ERROR;
				CLANG_WARN_EMPTY_BODY = YES;
				CLANG_WARN_ENUM_CONVERSION = YES;
				CLANG_WARN_INT_CONVERSION = YES;
				CLANG_WARN_OBJC_ROOT_CLASS = YES_ERROR;
				CLANG_WARN_UNREACHABLE_CODE = YES;
				CLANG_WARN__DUPLICATE_METHOD_MATCH = YES;
				"CODE_SIGN_IDENTITY[sdk=iphoneos*]" = "iPhone Developer";
				COPY_PHASE_STRIP = NO;
				ENABLE_STRICT_OBJC_MSGSEND = YES;
				GCC_C_LANGUAGE_STANDARD = gnu99;
				GCC_DYNAMIC_NO_PIC = NO;
				GCC_OPTIMIZATION_LEVEL = 0;
				GCC_PRECOMPILE_PREFIX_HEADER = YES;
				GCC_PREFIX_HEADER = PacteraTest/PrefixHeader.pch;
				GCC_PREPROCESSOR_DEFINITIONS = (
					"DEBUG=1",
					"$(inherited)",
				);
				GCC_SYMBOLS_PRIVATE_EXTERN = NO;
				GCC_WARN_64_TO_32_BIT_CONVERSION = YES;
				GCC_WARN_ABOUT_RETURN_TYPE = YES_ERROR;
				GCC_WARN_UNDECLARED_SELECTOR = YES;
				GCC_WARN_UNINITIALIZED_AUTOS = YES_AGGRESSIVE;
				GCC_WARN_UNUSED_FUNCTION = YES;
				GCC_WARN_UNUSED_VARIABLE = YES;
				IPHONEOS_DEPLOYMENT_TARGET = 8.1;
				MTL_ENABLE_DEBUG_INFO = YES;
				ONLY_ACTIVE_ARCH = YES;
				SDKROOT = iphoneos;
			};
			name = Debug;
		};
		CA0C11911A70E05A0010440D /* Release */ = {
			isa = XCBuildConfiguration;
			buildSettings = {
				ALWAYS_SEARCH_USER_PATHS = NO;
				CLANG_CXX_LANGUAGE_STANDARD = "gnu++0x";
				CLANG_CXX_LIBRARY = "libc++";
				CLANG_ENABLE_MODULES = YES;
				CLANG_ENABLE_OBJC_ARC = YES;
				CLANG_WARN_BOOL_CONVERSION = YES;
				CLANG_WARN_CONSTANT_CONVERSION = YES;
				CLANG_WARN_DIRECT_OBJC_ISA_USAGE = YES_ERROR;
				CLANG_WARN_EMPTY_BODY = YES;
				CLANG_WARN_ENUM_CONVERSION = YES;
				CLANG_WARN_INT_CONVERSION = YES;
				CLANG_WARN_OBJC_ROOT_CLASS = YES_ERROR;
				CLANG_WARN_UNREACHABLE_CODE = YES;
				CLANG_WARN__DUPLICATE_METHOD_MATCH = YES;
				"CODE_SIGN_IDENTITY[sdk=iphoneos*]" = "iPhone Developer";
				COPY_PHASE_STRIP = YES;
				ENABLE_NS_ASSERTIONS = NO;
				ENABLE_STRICT_OBJC_MSGSEND = YES;
				GCC_C_LANGUAGE_STANDARD = gnu99;
				GCC_PRECOMPILE_PREFIX_HEADER = YES;
				GCC_PREFIX_HEADER = PacteraTest/PrefixHeader.pch;
				GCC_WARN_64_TO_32_BIT_CONVERSION = YES;
				GCC_WARN_ABOUT_RETURN_TYPE = YES_ERROR;
				GCC_WARN_UNDECLARED_SELECTOR = YES;
				GCC_WARN_UNINITIALIZED_AUTOS = YES_AGGRESSIVE;
				GCC_WARN_UNUSED_FUNCTION = YES;
				GCC_WARN_UNUSED_VARIABLE = YES;
				IPHONEOS_DEPLOYMENT_TARGET = 8.1;
				MTL_ENABLE_DEBUG_INFO = NO;
				SDKROOT = iphoneos;
				VALIDATE_PRODUCT = YES;
			};
			name = Release;
		};
		CA0C11931A70E05A0010440D /* Debug */ = {
			isa = XCBuildConfiguration;
			buildSettings = {
				ASSETCATALOG_COMPILER_APPICON_NAME = AppIcon;
				INFOPLIST_FILE = PacteraTest/Info.plist;
				LD_RUNPATH_SEARCH_PATHS = "$(inherited) @executable_path/Frameworks";
				PRODUCT_NAME = "$(TARGET_NAME)";
			};
			name = Debug;
		};
		CA0C11941A70E05A0010440D /* Release */ = {
			isa = XCBuildConfiguration;
			buildSettings = {
				ASSETCATALOG_COMPILER_APPICON_NAME = AppIcon;
				INFOPLIST_FILE = PacteraTest/Info.plist;
				LD_RUNPATH_SEARCH_PATHS = "$(inherited) @executable_path/Frameworks";
				PRODUCT_NAME = "$(TARGET_NAME)";
			};
			name = Release;
		};
		CA0C11961A70E05A0010440D /* Debug */ = {
			isa = XCBuildConfiguration;
			buildSettings = {
				BUNDLE_LOADER = "$(TEST_HOST)";
				FRAMEWORK_SEARCH_PATHS = (
					"$(SDKROOT)/Developer/Library/Frameworks",
					"$(inherited)",
				);
				GCC_PREPROCESSOR_DEFINITIONS = (
					"DEBUG=1",
					"$(inherited)",
				);
				INFOPLIST_FILE = PacteraTestTests/Info.plist;
				LD_RUNPATH_SEARCH_PATHS = "$(inherited) @executable_path/Frameworks @loader_path/Frameworks";
				PRODUCT_NAME = "$(TARGET_NAME)";
				TEST_HOST = "$(BUILT_PRODUCTS_DIR)/PacteraTest.app/PacteraTest";
			};
			name = Debug;
		};
		CA0C11971A70E05A0010440D /* Release */ = {
			isa = XCBuildConfiguration;
			buildSettings = {
				BUNDLE_LOADER = "$(TEST_HOST)";
				FRAMEWORK_SEARCH_PATHS = (
					"$(SDKROOT)/Developer/Library/Frameworks",
					"$(inherited)",
				);
				INFOPLIST_FILE = PacteraTestTests/Info.plist;
				LD_RUNPATH_SEARCH_PATHS = "$(inherited) @executable_path/Frameworks @loader_path/Frameworks";
				PRODUCT_NAME = "$(TARGET_NAME)";
				TEST_HOST = "$(BUILT_PRODUCTS_DIR)/PacteraTest.app/PacteraTest";
			};
			name = Release;
		};
/* End XCBuildConfiguration section */

/* Begin XCConfigurationList section */
		CA0C116A1A70E05A0010440D /* Build configuration list for PBXProject "PacteraTest" */ = {
			isa = XCConfigurationList;
			buildConfigurations = (
				CA0C11901A70E05A0010440D /* Debug */,
				CA0C11911A70E05A0010440D /* Release */,
			);
			defaultConfigurationIsVisible = 0;
			defaultConfigurationName = Release;
		};
		CA0C11921A70E05A0010440D /* Build configuration list for PBXNativeTarget "PacteraTest" */ = {
			isa = XCConfigurationList;
			buildConfigurations = (
				CA0C11931A70E05A0010440D /* Debug */,
				CA0C11941A70E05A0010440D /* Release */,
			);
			defaultConfigurationIsVisible = 0;
			defaultConfigurationName = Release;
		};
		CA0C11951A70E05A0010440D /* Build configuration list for PBXNativeTarget "PacteraTestTests" */ = {
			isa = XCConfigurationList;
			buildConfigurations = (
				CA0C11961A70E05A0010440D /* Debug */,
				CA0C11971A70E05A0010440D /* Release */,
			);
			defaultConfigurationIsVisible = 0;
			defaultConfigurationName = Release;
		};
/* End XCConfigurationList section */
	};
	rootObject = CA0C11671A70E05A0010440D /* Project object */;
}
